
Microsoft Visual Studio Solution File, Format Version 12.00
# Visual Studio Version 18
VisualStudioVersion = 18.3.11206.111
MinimumVisualStudioVersion = 10.0.40219.1
Project("{9A19103F-16F7-4668-BE54-9A1E7A4F7556}") = "portalAdministrativoSISEC", "portalAdministrativoSISEC.csproj", "{B9A792E1-2CEE-4ABF-8861-5D4A78172DDD}"
EndProject
Global
	GlobalSection(SolutionConfigurationPlatforms) = preSolution
		Debug|Any CPU = Debug|Any CPU
		Release|Any CPU = Release|Any CPU
	EndGlobalSection
	GlobalSection(ProjectConfigurationPlatforms) = postSolution
		{B9A792E1-2CEE-4ABF-8861-5D4A78172DDD}.Debug|Any CPU.ActiveCfg = Debug|Any CPU
		{B9A792E1-2CEE-4ABF-8861-5D4A78172DDD}.Debug|Any CPU.Build.0 = Debug|Any CPU
		{B9A792E1-2CEE-4ABF-8861-5D4A78172DDD}.Release|Any CPU.ActiveCfg = Debug|Any CPU
		{B9A792E1-2CEE-4ABF-8861-5D4A78172DDD}.Release|Any CPU.Build.0 = Debug|Any CPU
	EndGlobalSection
	GlobalSection(SolutionProperties) = preSolution
		HideSolutionNode = FALSE
	EndGlobalSection
	GlobalSection(ExtensibilityGlobals) = postSolution
		SolutionGuid = {A42C9B4E-0EA7-47BB-83EC-02E42713249D}
	EndGlobalSection
EndGlobal
